// !$*UTF8*$!
{
	archiveVersion = 1;
	classes = {
	};
	objectVersion = 56;
	objects = {

/* Begin PBXBuildFile section */
		1542456F2CD08B8900599C55 /* AppDelegate.swift in Sources */ = {isa = PBXBuildFile; fileRef = 1542456E2CD08B8900599C55 /* AppDelegate.swift */; };
		154245712CD08B8900599C55 /* SceneDelegate.swift in Sources */ = {isa = PBXBuildFile; fileRef = 154245702CD08B8900599C55 /* SceneDelegate.swift */; };
		154245732CD08B8900599C55 /* ViewController.swift in Sources */ = {isa = PBXBuildFile; fileRef = 154245722CD08B8900599C55 /* ViewController.swift */; };
		154245762CD08B8900599C55 /* Base in Resources */ = {isa = PBXBuildFile; fileRef = 154245752CD08B8900599C55 /* Base */; };
		154245782CD08B8A00599C55 /* Assets.xcassets in Resources */ = {isa = PBXBuildFile; fileRef = 154245772CD08B8A00599C55 /* Assets.xcassets */; };
		1542457B2CD08B8A00599C55 /* Base in Resources */ = {isa = PBXBuildFile; fileRef = 1542457A2CD08B8A00599C55 /* Base */; };
		154245A52CD08E9000599C55 /* XCUIQues_UITests.swift in Sources */ = {isa = PBXBuildFile; fileRef = 154245A42CD08E9000599C55 /* XCUIQues_UITests.swift */; };
/* End PBXBuildFile section */

/* Begin PBXContainerItemProxy section */
		154245A82CD08E9000599C55 /* PBXContainerItemProxy */ = {
			isa = PBXContainerItemProxy;
			containerPortal = 154245632CD08B8900599C55 /* Project object */;
			proxyType = 1;
			remoteGlobalIDString = 1542456A2CD08B8900599C55;
			remoteInfo = XCUIQuest;
		};
/* End PBXContainerItemProxy section */

/* Begin PBXFileReference section */
		1542456B2CD08B8900599C55 /* XCUIQuest.app */ = {isa = PBXFileReference; explicitFileType = wrapper.application; includeInIndex = 0; path = XCUIQuest.app; sourceTree = BUILT_PRODUCTS_DIR; };
		1542456E2CD08B8900599C55 /* AppDelegate.swift */ = {isa = PBXFileReference; lastKnownFileType = sourcecode.swift; path = AppDelegate.swift; sourceTree = "<group>"; };
		154245702CD08B8900599C55 /* SceneDelegate.swift */ = {isa = PBXFileReference; lastKnownFileType = sourcecode.swift; path = SceneDelegate.swift; sourceTree = "<group>"; };
		154245722CD08B8900599C55 /* ViewController.swift */ = {isa = PBXFileReference; lastKnownFileType = sourcecode.swift; path = ViewController.swift; sourceTree = "<group>"; };
		154245752CD08B8900599C55 /* Base */ = {isa = PBXFileReference; lastKnownFileType = file.storyboard; name = Base; path = Base.lproj/Main.storyboard; sourceTree = "<group>"; };
		154245772CD08B8A00599C55 /* Assets.xcassets */ = {isa = PBXFileReference; lastKnownFileType = folder.assetcatalog; path = Assets.xcassets; sourceTree = "<group>"; };
		1542457A2CD08B8A00599C55 /* Base */ = {isa = PBXFileReference; lastKnownFileType = file.storyboard; name = Base; path = Base.lproj/LaunchScreen.storyboard; sourceTree = "<group>"; };
		1542457C2CD08B8A00599C55 /* Info.plist */ = {isa = PBXFileReference; lastKnownFileType = text.plist.xml; path = Info.plist; sourceTree = "<group>"; };
		154245A22CD08E9000599C55 /* XCUIQues UITests.xctest */ = {isa = PBXFileReference; explicitFileType = wrapper.cfbundle; includeInIndex = 0; path = "XCUIQues UITests.xctest"; sourceTree = BUILT_PRODUCTS_DIR; };
		154245A42CD08E9000599C55 /* XCUIQues_UITests.swift */ = {isa = PBXFileReference; lastKnownFileType = sourcecode.swift; path = XCUIQues_UITests.swift; sourceTree = "<group>"; };
/* End PBXFileReference section */

/* Begin PBXFrameworksBuildPhase section */
		154245682CD08B8900599C55 /* Frameworks */ = {
			isa = PBXFrameworksBuildPhase;
			buildActionMask = 2147483647;
			files = (
			);
			runOnlyForDeploymentPostprocessing = 0;
		};
		1542459F2CD08E9000599C55 /* Frameworks */ = {
			isa = PBXFrameworksBuildPhase;
			buildActionMask = 2147483647;
			files = (
			);
			runOnlyForDeploymentPostprocessing = 0;
		};
/* End PBXFrameworksBuildPhase section */

/* Begin PBXGroup section */
		154245622CD08B8900599C55 = {
			isa = PBXGroup;
			children = (
				1542456D2CD08B8900599C55 /* XCUIQuest */,
				154245A32CD08E9000599C55 /* XCUIQues UITests */,
				1542456C2CD08B8900599C55 /* Products */,
			);
			sourceTree = "<group>";
		};
		1542456C2CD08B8900599C55 /* Products */ = {
			isa = PBXGroup;
			children = (
				1542456B2CD08B8900599C55 /* XCUIQuest.app */,
				154245A22CD08E9000599C55 /* XCUIQues UITests.xctest */,
			);
			name = Products;
			sourceTree = "<group>";
		};
		1542456D2CD08B8900599C55 /* XCUIQuest */ = {
			isa = PBXGroup;
			children = (
				1542456E2CD08B8900599C55 /* AppDelegate.swift */,
				154245702CD08B8900599C55 /* SceneDelegate.swift */,
				154245722CD08B8900599C55 /* ViewController.swift */,
				154245742CD08B8900599C55 /* Main.storyboard */,
				154245772CD08B8A00599C55 /* Assets.xcassets */,
				154245792CD08B8A00599C55 /* LaunchScreen.storyboard */,
				1542457C2CD08B8A00599C55 /* Info.plist */,
			);
			path = XCUIQuest;
			sourceTree = "<group>";
		};
		154245A32CD08E9000599C55 /* XCUIQues UITests */ = {
			isa = PBXGroup;
			children = (
				154245A42CD08E9000599C55 /* XCUIQues_UITests.swift */,
			);
			path = "XCUIQues UITests";
			sourceTree = "<group>";
		};
/* End PBXGroup section */

/* Begin PBXNativeTarget section */
		1542456A2CD08B8900599C55 /* XCUIQuest */ = {
			isa = PBXNativeTarget;
			buildConfigurationList = 154245952CD08B8A00599C55 /* Build configuration list for PBXNativeTarget "XCUIQuest" */;
			buildPhases = (
				154245672CD08B8900599C55 /* Sources */,
				154245682CD08B8900599C55 /* Frameworks */,
				154245692CD08B8900599C55 /* Resources */,
			);
			buildRules = (
			);
			dependencies = (
			);
			name = XCUIQuest;
			productName = XCUIQuest;
			productReference = 1542456B2CD08B8900599C55 /* XCUIQuest.app */;
			productType = "com.apple.product-type.application";
		};
		154245A12CD08E9000599C55 /* XCUIQues UITests */ = {
			isa = PBXNativeTarget;
			buildConfigurationList = 154245AA2CD08E9000599C55 /* Build configuration list for PBXNativeTarget "XCUIQues UITests" */;
			buildPhases = (
				1542459E2CD08E9000599C55 /* Sources */,
				1542459F2CD08E9000599C55 /* Frameworks */,
				154245A02CD08E9000599C55 /* Resources */,
			);
			buildRules = (
			);
			dependencies = (
				154245A92CD08E9000599C55 /* PBXTargetDependency */,
			);
			name = "XCUIQues UITests";
			productName = "XCUIQues UITests";
			productReference = 154245A22CD08E9000599C55 /* XCUIQues UITests.xctest */;
			productType = "com.apple.product-type.bundle.ui-testing";
		};
/* End PBXNativeTarget section */

/* Begin PBXProject section */
		154245632CD08B8900599C55 /* Project object */ = {
			isa = PBXProject;
			attributes = {
				BuildIndependentTargetsInParallel = 1;
				LastSwiftUpdateCheck = 1540;
				LastUpgradeCheck = 1540;
				TargetAttributes = {
					1542456A2CD08B8900599C55 = {
						CreatedOnToolsVersion = 15.4;
					};
					154245A12CD08E9000599C55 = {
						CreatedOnToolsVersion = 15.4;
						TestTargetID = 1542456A2CD08B8900599C55;
					};
				};
			};
			buildConfigurationList = 154245662CD08B8900599C55 /* Build configuration list for PBXProject "XCUIQuest" */;
			compatibilityVersion = "Xcode 14.0";
			developmentRegion = en;
			hasScannedForEncodings = 0;
			knownRegions = (
				en,
				Base,
			);
			mainGroup = 154245622CD08B8900599C55;
			productRefGroup = 1542456C2CD08B8900599C55 /* Products */;
			projectDirPath = "";
			projectRoot = "";
			targets = (
				1542456A2CD08B8900599C55 /* XCUIQuest */,
				154245A12CD08E9000599C55 /* XCUIQues UITests */,
			);
		};
/* End PBXProject section */

/* Begin PBXResourcesBuildPhase section */
		154245692CD08B8900599C55 /* Resources */ = {
			isa = PBXResourcesBuildPhase;
			buildActionMask = 2147483647;
			files = (
				154245782CD08B8A00599C55 /* Assets.xcassets in Resources */,
				1542457B2CD08B8A00599C55 /* Base in Resources */,
				154245762CD08B8900599C55 /* Base in Resources */,
			);
			runOnlyForDeploymentPostprocessing = 0;
		};
		154245A02CD08E9000599C55 /* Resources */ = {
			isa = PBXResourcesBuildPhase;
			buildActionMask = 2147483647;
			files = (
			);
			runOnlyForDeploymentPostprocessing = 0;
		};
/* End PBXResourcesBuildPhase section */

/* Begin PBXSourcesBuildPhase section */
		154245672CD08B8900599C55 /* Sources */ = {
			isa = PBXSourcesBuildPhase;
			buildActionMask = 2147483647;
			files = (
				154245732CD08B8900599C55 /* ViewController.swift in Sources */,
				1542456F2CD08B8900599C55 /* AppDelegate.swift in Sources */,
				154245712CD08B8900599C55 /* SceneDelegate.swift in Sources */,
			);
			runOnlyForDeploymentPostprocessing = 0;
		};
		1542459E2CD08E9000599C55 /* Sources */ = {
			isa = PBXSourcesBuildPhase;
			buildActionMask = 2147483647;
			files = (
				154245A52CD08E9000599C55 /* XCUIQues_UITests.swift in Sources */,
			);
			runOnlyForDeploymentPostprocessing = 0;
		};
/* End PBXSourcesBuildPhase section */

/* Begin PBXTargetDependency section */
		154245A92CD08E9000599C55 /* PBXTargetDependency */ = {
			isa = PBXTargetDependency;
			target = 1542456A2CD08B8900599C55 /* XCUIQuest */;
			targetProxy = 154245A82CD08E9000599C55 /* PBXContainerItemProxy */;
		};
/* End PBXTargetDependency section */

/* Begin PBXVariantGroup section */
		154245742CD08B8900599C55 /* Main.storyboard */ = {
			isa = PBXVariantGroup;
			children = (
				154245752CD08B8900599C55 /* Base */,
			);
			name = Main.storyboard;
			sourceTree = "<group>";
		};
		154245792CD08B8A00599C55 /* LaunchScreen.storyboard */ = {
			isa = PBXVariantGroup;
			children = (
				1542457A2CD08B8A00599C55 /* Base */,
			);
			name = LaunchScreen.storyboard;
			sourceTree = "<group>";
		};
/* End PBXVariantGroup section */

/* Begin XCBuildConfiguration section */
		154245932CD08B8A00599C55 /* Debug */ = {
			isa = XCBuildConfiguration;
			buildSettings = {
				ALWAYS_SEARCH_USER_PATHS = NO;
				ASSETCATALOG_COMPILER_GENERATE_SWIFT_ASSET_SYMBOL_EXTENSIONS = YES;
				CLANG_ANALYZER_NONNULL = YES;
				CLANG_ANALYZER_NUMBER_OBJECT_CONVERSION = YES_AGGRESSIVE;
				CLANG_CXX_LANGUAGE_STANDARD = "gnu++20";
				CLANG_ENABLE_MODULES = YES;
				CLANG_ENABLE_OBJC_ARC = YES;
				CLANG_ENABLE_OBJC_WEAK = YES;
				CLANG_WARN_BLOCK_CAPTURE_AUTORELEASING = YES;
				CLANG_WARN_BOOL_CONVERSION = YES;
				CLANG_WARN_COMMA = YES;
				CLANG_WARN_CONSTANT_CONVERSION = YES;
				CLANG_WARN_DEPRECATED_OBJC_IMPLEMENTATIONS = YES;
				CLANG_WARN_DIRECT_OBJC_ISA_USAGE = YES_ERROR;
				CLANG_WARN_DOCUMENTATION_COMMENTS = YES;
				CLANG_WARN_EMPTY_BODY = YES;
				CLANG_WARN_ENUM_CONVERSION = YES;
				CLANG_WARN_INFINITE_RECURSION = YES;
				CLANG_WARN_INT_CONVERSION = YES;
				CLANG_WARN_NON_LITERAL_NULL_CONVERSION = YES;
				CLANG_WARN_OBJC_IMPLICIT_RETAIN_SELF = YES;
				CLANG_WARN_OBJC_LITERAL_CONVERSION = YES;
				CLANG_WARN_OBJC_ROOT_CLASS = YES_ERROR;
				CLANG_WARN_QUOTED_INCLUDE_IN_FRAMEWORK_HEADER = YES;
				CLANG_WARN_RANGE_LOOP_ANALYSIS = YES;
				CLANG_WARN_STRICT_PROTOTYPES = YES;
				CLANG_WARN_SUSPICIOUS_MOVE = YES;
				CLANG_WARN_UNGUARDED_AVAILABILITY = YES_AGGRESSIVE;
				CLANG_WARN_UNREACHABLE_CODE = YES;
				CLANG_WARN__DUPLICATE_METHOD_MATCH = YES;
				COPY_PHASE_STRIP = NO;
				DEBUG_INFORMATION_FORMAT = dwarf;
				ENABLE_STRICT_OBJC_MSGSEND = YES;
				ENABLE_TESTABILITY = YES;
				ENABLE_USER_SCRIPT_SANDBOXING = YES;
				GCC_C_LANGUAGE_STANDARD = gnu17;
				GCC_DYNAMIC_NO_PIC = NO;
				GCC_NO_COMMON_BLOCKS = YES;
				GCC_OPTIMIZATION_LEVEL = 0;
				GCC_PREPROCESSOR_DEFINITIONS = (
					"DEBUG=1",
					"$(inherited)",
				);
				GCC_WARN_64_TO_32_BIT_CONVERSION = YES;
				GCC_WARN_ABOUT_RETURN_TYPE = YES_ERROR;
				GCC_WARN_UNDECLARED_SELECTOR = YES;
				GCC_WARN_UNINITIALIZED_AUTOS = YES_AGGRESSIVE;
				GCC_WARN_UNUSED_FUNCTION = YES;
				GCC_WARN_UNUSED_VARIABLE = YES;
				IPHONEOS_DEPLOYMENT_TARGET = 17.5;
				LOCALIZATION_PREFERS_STRING_CATALOGS = YES;
				MTL_ENABLE_DEBUG_INFO = INCLUDE_SOURCE;
				MTL_FAST_MATH = YES;
				ONLY_ACTIVE_ARCH = YES;
				SDKROOT = iphoneos;
				SWIFT_ACTIVE_COMPILATION_CONDITIONS = "DEBUG $(inherited)";
				SWIFT_OPTIMIZATION_LEVEL = "-Onone";
			};
			name = Debug;
		};
		154245942CD08B8A00599C55 /* Release */ = {
			isa = XCBuildConfiguration;
			buildSettings = {
				ALWAYS_SEARCH_USER_PATHS = NO;
				ASSETCATALOG_COMPILER_GENERATE_SWIFT_ASSET_SYMBOL_EXTENSIONS = YES;
				CLANG_ANALYZER_NONNULL = YES;
				CLANG_ANALYZER_NUMBER_OBJECT_CONVERSION = YES_AGGRESSIVE;
				CLANG_CXX_LANGUAGE_STANDARD = "gnu++20";
				CLANG_ENABLE_MODULES = YES;
				CLANG_ENABLE_OBJC_ARC = YES;
				CLANG_ENABLE_OBJC_WEAK = YES;
				CLANG_WARN_BLOCK_CAPTURE_AUTORELEASING = YES;
				CLANG_WARN_BOOL_CONVERSION = YES;
				CLANG_WARN_COMMA = YES;
				CLANG_WARN_CONSTANT_CONVERSION = YES;
				CLANG_WARN_DEPRECATED_OBJC_IMPLEMENTATIONS = YES;
				CLANG_WARN_DIRECT_OBJC_ISA_USAGE = YES_ERROR;
				CLANG_WARN_DOCUMENTATION_COMMENTS = YES;
				CLANG_WARN_EMPTY_BODY = YES;
				CLANG_WARN_ENUM_CONVERSION = YES;
				CLANG_WARN_INFINITE_RECURSION = YES;
				CLANG_WARN_INT_CONVERSION = YES;
				CLANG_WARN_NON_LITERAL_NULL_CONVERSION = YES;
				CLANG_WARN_OBJC_IMPLICIT_RETAIN_SELF = YES;
				CLANG_WARN_OBJC_LITERAL_CONVERSION = YES;
				CLANG_WARN_OBJC_ROOT_CLASS = YES_ERROR;
				CLANG_WARN_QUOTED_INCLUDE_IN_FRAMEWORK_HEADER = YES;
				CLANG_WARN_RANGE_LOOP_ANALYSIS = YES;
				CLANG_WARN_STRICT_PROTOTYPES = YES;
				CLANG_WARN_SUSPICIOUS_MOVE = YES;
				CLANG_WARN_UNGUARDED_AVAILABILITY = YES_AGGRESSIVE;
				CLANG_WARN_UNREACHABLE_CODE = YES;
				CLANG_WARN__DUPLICATE_METHOD_MATCH = YES;
				COPY_PHASE_STRIP = NO;
				DEBUG_INFORMATION_FORMAT = "dwarf-with-dsym";
				ENABLE_NS_ASSERTIONS = NO;
				ENABLE_STRICT_OBJC_MSGSEND = YES;
				ENABLE_USER_SCRIPT_SANDBOXING = YES;
				GCC_C_LANGUAGE_STANDARD = gnu17;
				GCC_NO_COMMON_BLOCKS = YES;
				GCC_WARN_64_TO_32_BIT_CONVERSION = YES;
				GCC_WARN_ABOUT_RETURN_TYPE = YES_ERROR;
				GCC_WARN_UNDECLARED_SELECTOR = YES;
				GCC_WARN_UNINITIALIZED_AUTOS = YES_AGGRESSIVE;
				GCC_WARN_UNUSED_FUNCTION = YES;
				GCC_WARN_UNUSED_VARIABLE = YES;
				IPHONEOS_DEPLOYMENT_TARGET = 17.5;
				LOCALIZATION_PREFERS_STRING_CATALOGS = YES;
				MTL_ENABLE_DEBUG_INFO = NO;
				MTL_FAST_MATH = YES;
				SDKROOT = iphoneos;
				SWIFT_COMPILATION_MODE = wholemodule;
				VALIDATE_PRODUCT = YES;
			};
			name = Release;
		};
		154245962CD08B8A00599C55 /* Debug */ = {
			isa = XCBuildConfiguration;
			buildSettings = {
				ASSETCATALOG_COMPILER_APPICON_NAME = AppIcon;
				ASSETCATALOG_COMPILER_GLOBAL_ACCENT_COLOR_NAME = AccentColor;
				CODE_SIGN_STYLE = Automatic;
				CURRENT_PROJECT_VERSION = 1;
				DEVELOPMENT_TEAM = 8WH83DMLCD;
				GENERATE_INFOPLIST_FILE = YES;
				INFOPLIST_FILE = XCUIQuest/Info.plist;
				INFOPLIST_KEY_UIApplicationSupportsIndirectInputEvents = YES;
				INFOPLIST_KEY_UILaunchStoryboardName = LaunchScreen;
				INFOPLIST_KEY_UIMainStoryboardFile = Main;
				INFOPLIST_KEY_UISupportedInterfaceOrientations_iPad = "UIInterfaceOrientationPortrait UIInterfaceOrientationPortraitUpsideDown UIInterfaceOrientationLandscapeLeft UIInterfaceOrientationLandscapeRight";
				INFOPLIST_KEY_UISupportedInterfaceOrientations_iPhone = "UIInterfaceOrientationPortrait UIInterfaceOrientationLandscapeLeft UIInterfaceOrientationLandscapeRight";
				LD_RUNPATH_SEARCH_PATHS = (
					"$(inherited)",
					"@executable_path/Frameworks",
				);
				MARKETING_VERSION = 1.0;
				PRODUCT_BUNDLE_IDENTIFIER = com.example.XCUIQuest;
				PRODUCT_NAME = "$(TARGET_NAME)";
				SWIFT_EMIT_LOC_STRINGS = YES;
				SWIFT_VERSION = 5.0;
				TARGETED_DEVICE_FAMILY = "1,2";
			};
			name = Debug;
		};
		154245972CD08B8A00599C55 /* Release */ = {
			isa = XCBuildConfiguration;
			buildSettings = {
				ASSETCATALOG_COMPILER_APPICON_NAME = AppIcon;
				ASSETCATALOG_COMPILER_GLOBAL_ACCENT_COLOR_NAME = AccentColor;
				CODE_SIGN_STYLE = Automatic;
				CURRENT_PROJECT_VERSION = 1;
				DEVELOPMENT_TEAM = 8WH83DMLCD;
				GENERATE_INFOPLIST_FILE = YES;
				INFOPLIST_FILE = XCUIQuest/Info.plist;
				INFOPLIST_KEY_UIApplicationSupportsIndirectInputEvents = YES;
				INFOPLIST_KEY_UILaunchStoryboardName = LaunchScreen;
				INFOPLIST_KEY_UIMainStoryboardFile = Main;
				INFOPLIST_KEY_UISupportedInterfaceOrientations_iPad = "UIInterfaceOrientationPortrait UIInterfaceOrientationPortraitUpsideDown UIInterfaceOrientationLandscapeLeft UIInterfaceOrientationLandscapeRight";
				INFOPLIST_KEY_UISupportedInterfaceOrientations_iPhone = "UIInterfaceOrientationPortrait UIInterfaceOrientationLandscapeLeft UIInterfaceOrientationLandscapeRight";
				LD_RUNPATH_SEARCH_PATHS = (
					"$(inherited)",
					"@executable_path/Frameworks",
				);
				MARKETING_VERSION = 1.0;
				PRODUCT_BUNDLE_IDENTIFIER = com.example.XCUIQuest;
				PRODUCT_NAME = "$(TARGET_NAME)";
				SWIFT_EMIT_LOC_STRINGS = YES;
				SWIFT_VERSION = 5.0;
				TARGETED_DEVICE_FAMILY = "1,2";
			};
			name = Release;
		};
		154245AB2CD08E9000599C55 /* Debug */ = {
			isa = XCBuildConfiguration;
			buildSettings = {
				CODE_SIGN_STYLE = Automatic;
				CURRENT_PROJECT_VERSION = 1;
				DEVELOPMENT_TEAM = 8WH83DMLCD;
				GENERATE_INFOPLIST_FILE = YES;
				MARKETING_VERSION = 1.0;
				PRODUCT_BUNDLE_IDENTIFIER = "com.example.XCUIQues-UITests";
				PRODUCT_NAME = "$(TARGET_NAME)";
				SWIFT_EMIT_LOC_STRINGS = NO;
				SWIFT_VERSION = 5.0;
				TARGETED_DEVICE_FAMILY = "1,2";
				TEST_TARGET_NAME = XCUIQuest;
			};
			name = Debug;
		};
		154245AC2CD08E9000599C55 /* Release */ = {
			isa = XCBuildConfiguration;
			buildSettings = {
				CODE_SIGN_STYLE = Automatic;
				CURRENT_PROJECT_VERSION = 1;
				DEVELOPMENT_TEAM = 8WH83DMLCD;
				GENERATE_INFOPLIST_FILE = YES;
				MARKETING_VERSION = 1.0;
				PRODUCT_BUNDLE_IDENTIFIER = "com.example.XCUIQues-UITests";
				PRODUCT_NAME = "$(TARGET_NAME)";
				SWIFT_EMIT_LOC_STRINGS = NO;
				SWIFT_VERSION = 5.0;
				TARGETED_DEVICE_FAMILY = "1,2";
				TEST_TARGET_NAME = XCUIQuest;
			};
			name = Release;
		};
/* End XCBuildConfiguration section */

/* Begin XCConfigurationList section */
		154245662CD08B8900599C55 /* Build configuration list for PBXProject "XCUIQuest" */ = {
			isa = XCConfigurationList;
			buildConfigurations = (
				154245932CD08B8A00599C55 /* Debug */,
				154245942CD08B8A00599C55 /* Release */,
			);
			defaultConfigurationIsVisible = 0;
			defaultConfigurationName = Release;
		};
		154245952CD08B8A00599C55 /* Build configuration list for PBXNativeTarget "XCUIQuest" */ = {
			isa = XCConfigurationList;
			buildConfigurations = (
				154245962CD08B8A00599C55 /* Debug */,
				154245972CD08B8A00599C55 /* Release */,
			);
			defaultConfigurationIsVisible = 0;
			defaultConfigurationName = Release;
		};
		154245AA2CD08E9000599C55 /* Build configuration list for PBXNativeTarget "XCUIQues UITests" */ = {
			isa = XCConfigurationList;
			buildConfigurations = (
				154245AB2CD08E9000599C55 /* Debug */,
				154245AC2CD08E9000599C55 /* Release */,
			);
			defaultConfigurationIsVisible = 0;
			defaultConfigurationName = Release;
		};
/* End XCConfigurationList section */
	};
	rootObject = 154245632CD08B8900599C55 /* Project object */;
}
